
Microsoft Visual Studio Solution File, Format Version 12.00
# Visual Studio Version 16
VisualStudioVersion = 16.0.29519.87
MinimumVisualStudioVersion = 10.0.40219.1
Project("{FAE04EC0-301F-11D3-BF4B-00C04F79EFBC}") = "ConsoleApp3", "ConsoleApp3\ConsoleApp3.csproj", "{D75DDB0E-2400-46A9-A550-023BDC4C7238}"
EndProject
Global
	GlobalSection(SolutionConfigurationPlatforms) = preSolution
		Debug|Any CPU = Debug|Any CPU
		Release|Any CPU = Release|Any CPU
	EndGlobalSection
	GlobalSection(ProjectConfigurationPlatforms) = postSolution
		{D75DDB0E-2400-46A9-A550-023BDC4C7238}.Debug|Any CPU.ActiveCfg = Debug|Any CPU
		{D75DDB0E-2400-46A9-A550-023BDC4C7238}.Debug|Any CPU.Build.0 = Debug|Any CPU
		{D75DDB0E-2400-46A9-A550-023BDC4C7238}.Release|Any CPU.ActiveCfg = Release|Any CPU
		{D75DDB0E-2400-46A9-A550-023BDC4C7238}.Release|Any CPU.Build.0 = Release|Any CPU
	EndGlobalSection
	GlobalSection(SolutionProperties) = preSolution
		HideSolutionNode = FALSE
	EndGlobalSection
	GlobalSection(ExtensibilityGlobals) = postSolution
		SolutionGuid = {042233DF-2347-4D11-8BF0-FD0261F099B7}
	EndGlobalSection
EndGlobal
