
Microsoft Visual Studio Solution File, Format Version 12.00
# Visual Studio Version 16
VisualStudioVersion = 16.0.29519.87
MinimumVisualStudioVersion = 10.0.40219.1
Project("{FAE04EC0-301F-11D3-BF4B-00C04F79EFBC}") = "WpfApp1", "WpfApp1\WpfApp1.csproj", "{51CA6735-E3EA-4282-8BB1-BAE1C8DDAC1E}"
EndProject
Global
	GlobalSection(SolutionConfigurationPlatforms) = preSolution
		Debug|Any CPU = Debug|Any CPU
		Release|Any CPU = Release|Any CPU
	EndGlobalSection
	GlobalSection(ProjectConfigurationPlatforms) = postSolution
		{51CA6735-E3EA-4282-8BB1-BAE1C8DDAC1E}.Debug|Any CPU.ActiveCfg = Debug|Any CPU
		{51CA6735-E3EA-4282-8BB1-BAE1C8DDAC1E}.Debug|Any CPU.Build.0 = Debug|Any CPU
		{51CA6735-E3EA-4282-8BB1-BAE1C8DDAC1E}.Release|Any CPU.ActiveCfg = Release|Any CPU
		{51CA6735-E3EA-4282-8BB1-BAE1C8DDAC1E}.Release|Any CPU.Build.0 = Release|Any CPU
	EndGlobalSection
	GlobalSection(SolutionProperties) = preSolution
		HideSolutionNode = FALSE
	EndGlobalSection
	GlobalSection(ExtensibilityGlobals) = postSolution
		SolutionGuid = {A5F7C51A-35CF-42FE-B998-4F3F72EF7038}
	EndGlobalSection
EndGlobal
